# This file is generated by running "yarn install" inside your project.
# Manual changes might be lost - proceed with caution!

__metadata:
  version: 8
  cacheKey: 10c0

"@womorg/animated@npm:^1.0.0":
  version: 1.0.0
  resolution: "@womorg/animated@npm:1.0.0"
  checksum: 10c0/a88ee03ab2c409bac97cbc078d8631cb3eb16322e69e0ada13708c349192efb96c8185fc9a3088b5c004606cd1eb2efbc6f4fc172208c84e7df109e3b9c43cd2
  languageName: node
  linkType: hard

"@womorg/reimagined-enigma@workspace:.":
  version: 0.0.0-use.local
  resolution: "@womorg/reimagined-enigma@workspace:."
  dependencies:
    "@womorg/animated": "npm:^1.0.0"
  languageName: unknown
  linkType: soft
